
Microsoft Visual Studio Solution File, Format Version 12.00
# Visual Studio Version 16
VisualStudioVersion = 16.0.29215.179
MinimumVisualStudioVersion = 10.0.40219.1
Project("{FAE04EC0-301F-11D3-BF4B-00C04F79EFBC}") = "Welcome Message", "Welcome Message\Welcome Message.csproj", "{8EBE8AE1-AAB4-499E-8FBC-0AEEDAC7B695}"
EndProject
Global
	GlobalSection(SolutionConfigurationPlatforms) = preSolution
		Debug|Any CPU = Debug|Any CPU
		Release|Any CPU = Release|Any CPU
	EndGlobalSection
	GlobalSection(ProjectConfigurationPlatforms) = postSolution
		{8EBE8AE1-AAB4-499E-8FBC-0AEEDAC7B695}.Debug|Any CPU.ActiveCfg = Debug|Any CPU
		{8EBE8AE1-AAB4-499E-8FBC-0AEEDAC7B695}.Debug|Any CPU.Build.0 = Debug|Any CPU
		{8EBE8AE1-AAB4-499E-8FBC-0AEEDAC7B695}.Release|Any CPU.ActiveCfg = Release|Any CPU
		{8EBE8AE1-AAB4-499E-8FBC-0AEEDAC7B695}.Release|Any CPU.Build.0 = Release|Any CPU
	EndGlobalSection
	GlobalSection(SolutionProperties) = preSolution
		HideSolutionNode = FALSE
	EndGlobalSection
	GlobalSection(ExtensibilityGlobals) = postSolution
		SolutionGuid = {AFC6FE70-5E13-440D-B142-99584CDDFD5F}
	EndGlobalSection
EndGlobal
